
Microsoft Visual Studio Solution File, Format Version 12.00
# Visual Studio Version 17
VisualStudioVersion = 17.3.32811.315
MinimumVisualStudioVersion = 10.0.40219.1
Project("{FAE04EC0-301F-11D3-BF4B-00C04F79EFBC}") = "SSR Music Packer GUI", "SSR Music Packer GUI.csproj", "{7BAB45C0-2DCE-439C-B452-CDA1C95AE883}"
EndProject
Global
	GlobalSection(SolutionConfigurationPlatforms) = preSolution
		Debug|Any CPU = Debug|Any CPU
		Release|Any CPU = Release|Any CPU
	EndGlobalSection
	GlobalSection(ProjectConfigurationPlatforms) = postSolution
		{7BAB45C0-2DCE-439C-B452-CDA1C95AE883}.Debug|Any CPU.ActiveCfg = Debug|Any CPU
		{7BAB45C0-2DCE-439C-B452-CDA1C95AE883}.Debug|Any CPU.Build.0 = Debug|Any CPU
		{7BAB45C0-2DCE-439C-B452-CDA1C95AE883}.Release|Any CPU.ActiveCfg = Release|Any CPU
		{7BAB45C0-2DCE-439C-B452-CDA1C95AE883}.Release|Any CPU.Build.0 = Release|Any CPU
	EndGlobalSection
	GlobalSection(SolutionProperties) = preSolution
		HideSolutionNode = FALSE
	EndGlobalSection
	GlobalSection(ExtensibilityGlobals) = postSolution
		SolutionGuid = {622C1085-5259-4D67-B85C-15B7EDA23D57}
	EndGlobalSection
EndGlobal
